
Microsoft Visual Studio Solution File, Format Version 12.00
# Visual Studio Version 17
VisualStudioVersion = 17.1.32228.430
MinimumVisualStudioVersion = 10.0.40219.1
Project("{8BC9CEB8-8B4A-11D0-8D11-00A0C91BC942}") = "triangle", "triangle.vcxproj", "{57879E8A-6F73-48A4-93F9-FCCA3F37A008}"
EndProject
Project("{8BC9CEB8-8B4A-11D0-8D11-00A0C91BC942}") = "Project1", "..\Project1\Project1.vcxproj", "{D9552023-11B4-49E7-B93C-B795C98DFFC8}"
EndProject
Global
	GlobalSection(SolutionConfigurationPlatforms) = preSolution
		Debug|x64 = Debug|x64
		Debug|x86 = Debug|x86
		Release|x64 = Release|x64
		Release|x86 = Release|x86
	EndGlobalSection
	GlobalSection(ProjectConfigurationPlatforms) = postSolution
		{57879E8A-6F73-48A4-93F9-FCCA3F37A008}.Debug|x64.ActiveCfg = Debug|x64
		{57879E8A-6F73-48A4-93F9-FCCA3F37A008}.Debug|x64.Build.0 = Debug|x64
		{57879E8A-6F73-48A4-93F9-FCCA3F37A008}.Debug|x86.ActiveCfg = Debug|Win32
		{57879E8A-6F73-48A4-93F9-FCCA3F37A008}.Debug|x86.Build.0 = Debug|Win32
		{57879E8A-6F73-48A4-93F9-FCCA3F37A008}.Release|x64.ActiveCfg = Release|x64
		{57879E8A-6F73-48A4-93F9-FCCA3F37A008}.Release|x64.Build.0 = Release|x64
		{57879E8A-6F73-48A4-93F9-FCCA3F37A008}.Release|x86.ActiveCfg = Release|Win32
		{57879E8A-6F73-48A4-93F9-FCCA3F37A008}.Release|x86.Build.0 = Release|Win32
		{D9552023-11B4-49E7-B93C-B795C98DFFC8}.Debug|x64.ActiveCfg = Debug|x64
		{D9552023-11B4-49E7-B93C-B795C98DFFC8}.Debug|x64.Build.0 = Debug|x64
		{D9552023-11B4-49E7-B93C-B795C98DFFC8}.Debug|x86.ActiveCfg = Debug|Win32
		{D9552023-11B4-49E7-B93C-B795C98DFFC8}.Debug|x86.Build.0 = Debug|Win32
		{D9552023-11B4-49E7-B93C-B795C98DFFC8}.Release|x64.ActiveCfg = Release|x64
		{D9552023-11B4-49E7-B93C-B795C98DFFC8}.Release|x64.Build.0 = Release|x64
		{D9552023-11B4-49E7-B93C-B795C98DFFC8}.Release|x86.ActiveCfg = Release|Win32
		{D9552023-11B4-49E7-B93C-B795C98DFFC8}.Release|x86.Build.0 = Release|Win32
	EndGlobalSection
	GlobalSection(SolutionProperties) = preSolution
		HideSolutionNode = FALSE
	EndGlobalSection
	GlobalSection(ExtensibilityGlobals) = postSolution
		SolutionGuid = {5377DFCA-D4CD-405C-AC30-97AA7ECB6182}
	EndGlobalSection
EndGlobal
