
Microsoft Visual Studio Solution File, Format Version 12.00
# Visual Studio Version 17
VisualStudioVersion = 17.1.32228.430
MinimumVisualStudioVersion = 10.0.40219.1
Project("{8BC9CEB8-8B4A-11D0-8D11-00A0C91BC942}") = "Digitalpiano", "Digitalpiano.vcxproj", "{31FDB12A-CE7B-44F3-AFD5-6357BFDE1175}"
EndProject
Project("{8BC9CEB8-8B4A-11D0-8D11-00A0C91BC942}") = "samle", "..\samle\samle.vcxproj", "{7F056D0D-C909-48E6-9F77-D3E1410BB45C}"
EndProject
Global
	GlobalSection(SolutionConfigurationPlatforms) = preSolution
		Debug|x64 = Debug|x64
		Debug|x86 = Debug|x86
		Release|x64 = Release|x64
		Release|x86 = Release|x86
	EndGlobalSection
	GlobalSection(ProjectConfigurationPlatforms) = postSolution
		{31FDB12A-CE7B-44F3-AFD5-6357BFDE1175}.Debug|x64.ActiveCfg = Debug|x64
		{31FDB12A-CE7B-44F3-AFD5-6357BFDE1175}.Debug|x64.Build.0 = Debug|x64
		{31FDB12A-CE7B-44F3-AFD5-6357BFDE1175}.Debug|x86.ActiveCfg = Debug|Win32
		{31FDB12A-CE7B-44F3-AFD5-6357BFDE1175}.Debug|x86.Build.0 = Debug|Win32
		{31FDB12A-CE7B-44F3-AFD5-6357BFDE1175}.Release|x64.ActiveCfg = Release|x64
		{31FDB12A-CE7B-44F3-AFD5-6357BFDE1175}.Release|x64.Build.0 = Release|x64
		{31FDB12A-CE7B-44F3-AFD5-6357BFDE1175}.Release|x86.ActiveCfg = Release|Win32
		{31FDB12A-CE7B-44F3-AFD5-6357BFDE1175}.Release|x86.Build.0 = Release|Win32
		{7F056D0D-C909-48E6-9F77-D3E1410BB45C}.Debug|x64.ActiveCfg = Debug|x64
		{7F056D0D-C909-48E6-9F77-D3E1410BB45C}.Debug|x64.Build.0 = Debug|x64
		{7F056D0D-C909-48E6-9F77-D3E1410BB45C}.Debug|x86.ActiveCfg = Debug|Win32
		{7F056D0D-C909-48E6-9F77-D3E1410BB45C}.Debug|x86.Build.0 = Debug|Win32
		{7F056D0D-C909-48E6-9F77-D3E1410BB45C}.Release|x64.ActiveCfg = Release|x64
		{7F056D0D-C909-48E6-9F77-D3E1410BB45C}.Release|x64.Build.0 = Release|x64
		{7F056D0D-C909-48E6-9F77-D3E1410BB45C}.Release|x86.ActiveCfg = Release|Win32
		{7F056D0D-C909-48E6-9F77-D3E1410BB45C}.Release|x86.Build.0 = Release|Win32
	EndGlobalSection
	GlobalSection(SolutionProperties) = preSolution
		HideSolutionNode = FALSE
	EndGlobalSection
	GlobalSection(ExtensibilityGlobals) = postSolution
		SolutionGuid = {1E824803-4B19-48D3-98C7-8DC94230E23B}
	EndGlobalSection
EndGlobal
